
Microsoft Visual Studio Solution File, Format Version 12.00
# Visual Studio Version 17
VisualStudioVersion = 17.3.32929.385
MinimumVisualStudioVersion = 10.0.40219.1
Project("{FAE04EC0-301F-11D3-BF4B-00C04F79EFBC}") = "Traffic Signal", "Traffic Signal\Traffic Signal.csproj", "{62652004-A08F-479B-A210-E6901654FAEB}"
EndProject
Global
	GlobalSection(SolutionConfigurationPlatforms) = preSolution
		Debug|Any CPU = Debug|Any CPU
		Release|Any CPU = Release|Any CPU
	EndGlobalSection
	GlobalSection(ProjectConfigurationPlatforms) = postSolution
		{62652004-A08F-479B-A210-E6901654FAEB}.Debug|Any CPU.ActiveCfg = Debug|Any CPU
		{62652004-A08F-479B-A210-E6901654FAEB}.Debug|Any CPU.Build.0 = Debug|Any CPU
		{62652004-A08F-479B-A210-E6901654FAEB}.Release|Any CPU.ActiveCfg = Release|Any CPU
		{62652004-A08F-479B-A210-E6901654FAEB}.Release|Any CPU.Build.0 = Release|Any CPU
	EndGlobalSection
	GlobalSection(SolutionProperties) = preSolution
		HideSolutionNode = FALSE
	EndGlobalSection
	GlobalSection(ExtensibilityGlobals) = postSolution
		SolutionGuid = {C9FFD272-66BF-4BBC-890C-4E2917120B29}
	EndGlobalSection
EndGlobal
